// !$*UTF8*$!
{
	archiveVersion = 1;
	classes = {
	};
	objectVersion = 48;
	objects = {

/* Begin PBXBuildFile section */
		F76FC1DC20139B2100140D78 /* AppDelegate.swift in Sources */ = {isa = PBXBuildFile; fileRef = F76FC1DB20139B2100140D78 /* AppDelegate.swift */; };
		F76FC1DE20139B2100140D78 /* art.scnassets in Resources */ = {isa = PBXBuildFile; fileRef = F76FC1DD20139B2100140D78 /* art.scnassets */; };
		F76FC1E020139B2100140D78 /* ViewController.swift in Sources */ = {isa = PBXBuildFile; fileRef = F76FC1DF20139B2100140D78 /* ViewController.swift */; };
		F76FC1E320139B2100140D78 /* Main.storyboard in Resources */ = {isa = PBXBuildFile; fileRef = F76FC1E120139B2100140D78 /* Main.storyboard */; };
		F76FC1E520139B2100140D78 /* Assets.xcassets in Resources */ = {isa = PBXBuildFile; fileRef = F76FC1E420139B2100140D78 /* Assets.xcassets */; };
		F76FC1E820139B2100140D78 /* LaunchScreen.storyboard in Resources */ = {isa = PBXBuildFile; fileRef = F76FC1E620139B2100140D78 /* LaunchScreen.storyboard */; };
		F76FC1F320139B2100140D78 /* PaperARTests.swift in Sources */ = {isa = PBXBuildFile; fileRef = F76FC1F220139B2100140D78 /* PaperARTests.swift */; };
		F76FC1FE20139B2200140D78 /* PaperARUITests.swift in Sources */ = {isa = PBXBuildFile; fileRef = F76FC1FD20139B2200140D78 /* PaperARUITests.swift */; };
/* End PBXBuildFile section */

/* Begin PBXContainerItemProxy section */
		F76FC1EF20139B2100140D78 /* PBXContainerItemProxy */ = {
			isa = PBXContainerItemProxy;
			containerPortal = F76FC1D020139B2100140D78 /* Project object */;
			proxyType = 1;
			remoteGlobalIDString = F76FC1D720139B2100140D78;
			remoteInfo = PaperAR;
		};
		F76FC1FA20139B2100140D78 /* PBXContainerItemProxy */ = {
			isa = PBXContainerItemProxy;
			containerPortal = F76FC1D020139B2100140D78 /* Project object */;
			proxyType = 1;
			remoteGlobalIDString = F76FC1D720139B2100140D78;
			remoteInfo = PaperAR;
		};
/* End PBXContainerItemProxy section */

/* Begin PBXFileReference section */
		F76FC1D820139B2100140D78 /* PaperAR.app */ = {isa = PBXFileReference; explicitFileType = wrapper.application; includeInIndex = 0; path = PaperAR.app; sourceTree = BUILT_PRODUCTS_DIR; };
		F76FC1DB20139B2100140D78 /* AppDelegate.swift */ = {isa = PBXFileReference; lastKnownFileType = sourcecode.swift; path = AppDelegate.swift; sourceTree = "<group>"; };
		F76FC1DD20139B2100140D78 /* art.scnassets */ = {isa = PBXFileReference; lastKnownFileType = wrapper.scnassets; path = art.scnassets; sourceTree = "<group>"; };
		F76FC1DF20139B2100140D78 /* ViewController.swift */ = {isa = PBXFileReference; lastKnownFileType = sourcecode.swift; path = ViewController.swift; sourceTree = "<group>"; };
		F76FC1E220139B2100140D78 /* Base */ = {isa = PBXFileReference; lastKnownFileType = file.storyboard; name = Base; path = Base.lproj/Main.storyboard; sourceTree = "<group>"; };
		F76FC1E420139B2100140D78 /* Assets.xcassets */ = {isa = PBXFileReference; lastKnownFileType = folder.assetcatalog; path = Assets.xcassets; sourceTree = "<group>"; };
		F76FC1E720139B2100140D78 /* Base */ = {isa = PBXFileReference; lastKnownFileType = file.storyboard; name = Base; path = Base.lproj/LaunchScreen.storyboard; sourceTree = "<group>"; };
		F76FC1E920139B2100140D78 /* Info.plist */ = {isa = PBXFileReference; lastKnownFileType = text.plist.xml; path = Info.plist; sourceTree = "<group>"; };
		F76FC1EE20139B2100140D78 /* PaperARTests.xctest */ = {isa = PBXFileReference; explicitFileType = wrapper.cfbundle; includeInIndex = 0; path = PaperARTests.xctest; sourceTree = BUILT_PRODUCTS_DIR; };
		F76FC1F220139B2100140D78 /* PaperARTests.swift */ = {isa = PBXFileReference; lastKnownFileType = sourcecode.swift; path = PaperARTests.swift; sourceTree = "<group>"; };
		F76FC1F420139B2100140D78 /* Info.plist */ = {isa = PBXFileReference; lastKnownFileType = text.plist.xml; path = Info.plist; sourceTree = "<group>"; };
		F76FC1F920139B2100140D78 /* PaperARUITests.xctest */ = {isa = PBXFileReference; explicitFileType = wrapper.cfbundle; includeInIndex = 0; path = PaperARUITests.xctest; sourceTree = BUILT_PRODUCTS_DIR; };
		F76FC1FD20139B2200140D78 /* PaperARUITests.swift */ = {isa = PBXFileReference; lastKnownFileType = sourcecode.swift; path = PaperARUITests.swift; sourceTree = "<group>"; };
		F76FC1FF20139B2200140D78 /* Info.plist */ = {isa = PBXFileReference; lastKnownFileType = text.plist.xml; path = Info.plist; sourceTree = "<group>"; };
/* End PBXFileReference section */

/* Begin PBXFrameworksBuildPhase section */
		F76FC1D520139B2100140D78 /* Frameworks */ = {
			isa = PBXFrameworksBuildPhase;
			buildActionMask = 2147483647;
			files = (
			);
			runOnlyForDeploymentPostprocessing = 0;
		};
		F76FC1EB20139B2100140D78 /* Frameworks */ = {
			isa = PBXFrameworksBuildPhase;
			buildActionMask = 2147483647;
			files = (
			);
			runOnlyForDeploymentPostprocessing = 0;
		};
		F76FC1F620139B2100140D78 /* Frameworks */ = {
			isa = PBXFrameworksBuildPhase;
			buildActionMask = 2147483647;
			files = (
			);
			runOnlyForDeploymentPostprocessing = 0;
		};
/* End PBXFrameworksBuildPhase section */

/* Begin PBXGroup section */
		F76FC1CF20139B2100140D78 = {
			isa = PBXGroup;
			children = (
				F76FC1DA20139B2100140D78 /* PaperAR */,
				F76FC1F120139B2100140D78 /* PaperARTests */,
				F76FC1FC20139B2200140D78 /* PaperARUITests */,
				F76FC1D920139B2100140D78 /* Products */,
			);
			sourceTree = "<group>";
		};
		F76FC1D920139B2100140D78 /* Products */ = {
			isa = PBXGroup;
			children = (
				F76FC1D820139B2100140D78 /* PaperAR.app */,
				F76FC1EE20139B2100140D78 /* PaperARTests.xctest */,
				F76FC1F920139B2100140D78 /* PaperARUITests.xctest */,
			);
			name = Products;
			sourceTree = "<group>";
		};
		F76FC1DA20139B2100140D78 /* PaperAR */ = {
			isa = PBXGroup;
			children = (
				F76FC1DB20139B2100140D78 /* AppDelegate.swift */,
				F76FC1DD20139B2100140D78 /* art.scnassets */,
				F76FC1DF20139B2100140D78 /* ViewController.swift */,
				F76FC1E120139B2100140D78 /* Main.storyboard */,
				F76FC1E420139B2100140D78 /* Assets.xcassets */,
				F76FC1E620139B2100140D78 /* LaunchScreen.storyboard */,
				F76FC1E920139B2100140D78 /* Info.plist */,
			);
			path = PaperAR;
			sourceTree = "<group>";
		};
		F76FC1F120139B2100140D78 /* PaperARTests */ = {
			isa = PBXGroup;
			children = (
				F76FC1F220139B2100140D78 /* PaperARTests.swift */,
				F76FC1F420139B2100140D78 /* Info.plist */,
			);
			path = PaperARTests;
			sourceTree = "<group>";
		};
		F76FC1FC20139B2200140D78 /* PaperARUITests */ = {
			isa = PBXGroup;
			children = (
				F76FC1FD20139B2200140D78 /* PaperARUITests.swift */,
				F76FC1FF20139B2200140D78 /* Info.plist */,
			);
			path = PaperARUITests;
			sourceTree = "<group>";
		};
/* End PBXGroup section */

/* Begin PBXNativeTarget section */
		F76FC1D720139B2100140D78 /* PaperAR */ = {
			isa = PBXNativeTarget;
			buildConfigurationList = F76FC20220139B2200140D78 /* Build configuration list for PBXNativeTarget "PaperAR" */;
			buildPhases = (
				F76FC1D420139B2100140D78 /* Sources */,
				F76FC1D520139B2100140D78 /* Frameworks */,
				F76FC1D620139B2100140D78 /* Resources */,
			);
			buildRules = (
			);
			dependencies = (
			);
			name = PaperAR;
			productName = PaperAR;
			productReference = F76FC1D820139B2100140D78 /* PaperAR.app */;
			productType = "com.apple.product-type.application";
		};
		F76FC1ED20139B2100140D78 /* PaperARTests */ = {
			isa = PBXNativeTarget;
			buildConfigurationList = F76FC20520139B2200140D78 /* Build configuration list for PBXNativeTarget "PaperARTests" */;
			buildPhases = (
				F76FC1EA20139B2100140D78 /* Sources */,
				F76FC1EB20139B2100140D78 /* Frameworks */,
				F76FC1EC20139B2100140D78 /* Resources */,
			);
			buildRules = (
			);
			dependencies = (
				F76FC1F020139B2100140D78 /* PBXTargetDependency */,
			);
			name = PaperARTests;
			productName = PaperARTests;
			productReference = F76FC1EE20139B2100140D78 /* PaperARTests.xctest */;
			productType = "com.apple.product-type.bundle.unit-test";
		};
		F76FC1F820139B2100140D78 /* PaperARUITests */ = {
			isa = PBXNativeTarget;
			buildConfigurationList = F76FC20820139B2200140D78 /* Build configuration list for PBXNativeTarget "PaperARUITests" */;
			buildPhases = (
				F76FC1F520139B2100140D78 /* Sources */,
				F76FC1F620139B2100140D78 /* Frameworks */,
				F76FC1F720139B2100140D78 /* Resources */,
			);
			buildRules = (
			);
			dependencies = (
				F76FC1FB20139B2100140D78 /* PBXTargetDependency */,
			);
			name = PaperARUITests;
			productName = PaperARUITests;
			productReference = F76FC1F920139B2100140D78 /* PaperARUITests.xctest */;
			productType = "com.apple.product-type.bundle.ui-testing";
		};
/* End PBXNativeTarget section */

/* Begin PBXProject section */
		F76FC1D020139B2100140D78 /* Project object */ = {
			isa = PBXProject;
			attributes = {
				LastSwiftUpdateCheck = 0920;
				LastUpgradeCheck = 0920;
				ORGANIZATIONNAME = "Hackathon Cambridge Team 4";
				TargetAttributes = {
					F76FC1D720139B2100140D78 = {
						CreatedOnToolsVersion = 9.2;
						ProvisioningStyle = Automatic;
					};
					F76FC1ED20139B2100140D78 = {
						CreatedOnToolsVersion = 9.2;
						ProvisioningStyle = Automatic;
						TestTargetID = F76FC1D720139B2100140D78;
					};
					F76FC1F820139B2100140D78 = {
						CreatedOnToolsVersion = 9.2;
						ProvisioningStyle = Automatic;
						TestTargetID = F76FC1D720139B2100140D78;
					};
				};
			};
			buildConfigurationList = F76FC1D320139B2100140D78 /* Build configuration list for PBXProject "PaperAR" */;
			compatibilityVersion = "Xcode 8.0";
			developmentRegion = en;
			hasScannedForEncodings = 0;
			knownRegions = (
				en,
				Base,
			);
			mainGroup = F76FC1CF20139B2100140D78;
			productRefGroup = F76FC1D920139B2100140D78 /* Products */;
			projectDirPath = "";
			projectRoot = "";
			targets = (
				F76FC1D720139B2100140D78 /* PaperAR */,
				F76FC1ED20139B2100140D78 /* PaperARTests */,
				F76FC1F820139B2100140D78 /* PaperARUITests */,
			);
		};
/* End PBXProject section */

/* Begin PBXResourcesBuildPhase section */
		F76FC1D620139B2100140D78 /* Resources */ = {
			isa = PBXResourcesBuildPhase;
			buildActionMask = 2147483647;
			files = (
				F76FC1DE20139B2100140D78 /* art.scnassets in Resources */,
				F76FC1E820139B2100140D78 /* LaunchScreen.storyboard in Resources */,
				F76FC1E520139B2100140D78 /* Assets.xcassets in Resources */,
				F76FC1E320139B2100140D78 /* Main.storyboard in Resources */,
			);
			runOnlyForDeploymentPostprocessing = 0;
		};
		F76FC1EC20139B2100140D78 /* Resources */ = {
			isa = PBXResourcesBuildPhase;
			buildActionMask = 2147483647;
			files = (
			);
			runOnlyForDeploymentPostprocessing = 0;
		};
		F76FC1F720139B2100140D78 /* Resources */ = {
			isa = PBXResourcesBuildPhase;
			buildActionMask = 2147483647;
			files = (
			);
			runOnlyForDeploymentPostprocessing = 0;
		};
/* End PBXResourcesBuildPhase section */

/* Begin PBXSourcesBuildPhase section */
		F76FC1D420139B2100140D78 /* Sources */ = {
			isa = PBXSourcesBuildPhase;
			buildActionMask = 2147483647;
			files = (
				F76FC1E020139B2100140D78 /* ViewController.swift in Sources */,
				F76FC1DC20139B2100140D78 /* AppDelegate.swift in Sources */,
			);
			runOnlyForDeploymentPostprocessing = 0;
		};
		F76FC1EA20139B2100140D78 /* Sources */ = {
			isa = PBXSourcesBuildPhase;
			buildActionMask = 2147483647;
			files = (
				F76FC1F320139B2100140D78 /* PaperARTests.swift in Sources */,
			);
			runOnlyForDeploymentPostprocessing = 0;
		};
		F76FC1F520139B2100140D78 /* Sources */ = {
			isa = PBXSourcesBuildPhase;
			buildActionMask = 2147483647;
			files = (
				F76FC1FE20139B2200140D78 /* PaperARUITests.swift in Sources */,
			);
			runOnlyForDeploymentPostprocessing = 0;
		};
/* End PBXSourcesBuildPhase section */

/* Begin PBXTargetDependency section */
		F76FC1F020139B2100140D78 /* PBXTargetDependency */ = {
			isa = PBXTargetDependency;
			target = F76FC1D720139B2100140D78 /* PaperAR */;
			targetProxy = F76FC1EF20139B2100140D78 /* PBXContainerItemProxy */;
		};
		F76FC1FB20139B2100140D78 /* PBXTargetDependency */ = {
			isa = PBXTargetDependency;
			target = F76FC1D720139B2100140D78 /* PaperAR */;
			targetProxy = F76FC1FA20139B2100140D78 /* PBXContainerItemProxy */;
		};
/* End PBXTargetDependency section */

/* Begin PBXVariantGroup section */
		F76FC1E120139B2100140D78 /* Main.storyboard */ = {
			isa = PBXVariantGroup;
			children = (
				F76FC1E220139B2100140D78 /* Base */,
			);
			name = Main.storyboard;
			sourceTree = "<group>";
		};
		F76FC1E620139B2100140D78 /* LaunchScreen.storyboard */ = {
			isa = PBXVariantGroup;
			children = (
				F76FC1E720139B2100140D78 /* Base */,
			);
			name = LaunchScreen.storyboard;
			sourceTree = "<group>";
		};
/* End PBXVariantGroup section */

/* Begin XCBuildConfiguration section */
		F76FC20020139B2200140D78 /* Debug */ = {
			isa = XCBuildConfiguration;
			buildSettings = {
				ALWAYS_SEARCH_USER_PATHS = NO;
				CLANG_ANALYZER_NONNULL = YES;
				CLANG_ANALYZER_NUMBER_OBJECT_CONVERSION = YES_AGGRESSIVE;
				CLANG_CXX_LANGUAGE_STANDARD = "gnu++14";
				CLANG_CXX_LIBRARY = "libc++";
				CLANG_ENABLE_MODULES = YES;
				CLANG_ENABLE_OBJC_ARC = YES;
				CLANG_WARN_BLOCK_CAPTURE_AUTORELEASING = YES;
				CLANG_WARN_BOOL_CONVERSION = YES;
				CLANG_WARN_COMMA = YES;
				CLANG_WARN_CONSTANT_CONVERSION = YES;
				CLANG_WARN_DIRECT_OBJC_ISA_USAGE = YES_ERROR;
				CLANG_WARN_DOCUMENTATION_COMMENTS = YES;
				CLANG_WARN_EMPTY_BODY = YES;
				CLANG_WARN_ENUM_CONVERSION = YES;
				CLANG_WARN_INFINITE_RECURSION = YES;
				CLANG_WARN_INT_CONVERSION = YES;
				CLANG_WARN_NON_LITERAL_NULL_CONVERSION = YES;
				CLANG_WARN_OBJC_LITERAL_CONVERSION = YES;
				CLANG_WARN_OBJC_ROOT_CLASS = YES_ERROR;
				CLANG_WARN_RANGE_LOOP_ANALYSIS = YES;
				CLANG_WARN_STRICT_PROTOTYPES = YES;
				CLANG_WARN_SUSPICIOUS_MOVE = YES;
				CLANG_WARN_UNGUARDED_AVAILABILITY = YES_AGGRESSIVE;
				CLANG_WARN_UNREACHABLE_CODE = YES;
				CLANG_WARN__DUPLICATE_METHOD_MATCH = YES;
				CODE_SIGN_IDENTITY = "iPhone Developer";
				COPY_PHASE_STRIP = NO;
				DEBUG_INFORMATION_FORMAT = dwarf;
				ENABLE_STRICT_OBJC_MSGSEND = YES;
				ENABLE_TESTABILITY = YES;
				GCC_C_LANGUAGE_STANDARD = gnu11;
				GCC_DYNAMIC_NO_PIC = NO;
				GCC_NO_COMMON_BLOCKS = YES;
				GCC_OPTIMIZATION_LEVEL = 0;
				GCC_PREPROCESSOR_DEFINITIONS = (
					"DEBUG=1",
					"$(inherited)",
				);
				GCC_WARN_64_TO_32_BIT_CONVERSION = YES;
				GCC_WARN_ABOUT_RETURN_TYPE = YES_ERROR;
				GCC_WARN_UNDECLARED_SELECTOR = YES;
				GCC_WARN_UNINITIALIZED_AUTOS = YES_AGGRESSIVE;
				GCC_WARN_UNUSED_FUNCTION = YES;
				GCC_WARN_UNUSED_VARIABLE = YES;
				IPHONEOS_DEPLOYMENT_TARGET = 11.2;
				MTL_ENABLE_DEBUG_INFO = YES;
				ONLY_ACTIVE_ARCH = YES;
				SDKROOT = iphoneos;
				SWIFT_ACTIVE_COMPILATION_CONDITIONS = DEBUG;
				SWIFT_OPTIMIZATION_LEVEL = "-Onone";
			};
			name = Debug;
		};
		F76FC20120139B2200140D78 /* Release */ = {
			isa = XCBuildConfiguration;
			buildSettings = {
				ALWAYS_SEARCH_USER_PATHS = NO;
				CLANG_ANALYZER_NONNULL = YES;
				CLANG_ANALYZER_NUMBER_OBJECT_CONVERSION = YES_AGGRESSIVE;
				CLANG_CXX_LANGUAGE_STANDARD = "gnu++14";
				CLANG_CXX_LIBRARY = "libc++";
				CLANG_ENABLE_MODULES = YES;
				CLANG_ENABLE_OBJC_ARC = YES;
				CLANG_WARN_BLOCK_CAPTURE_AUTORELEASING = YES;
				CLANG_WARN_BOOL_CONVERSION = YES;
				CLANG_WARN_COMMA = YES;
				CLANG_WARN_CONSTANT_CONVERSION = YES;
				CLANG_WARN_DIRECT_OBJC_ISA_USAGE = YES_ERROR;
				CLANG_WARN_DOCUMENTATION_COMMENTS = YES;
				CLANG_WARN_EMPTY_BODY = YES;
				CLANG_WARN_ENUM_CONVERSION = YES;
				CLANG_WARN_INFINITE_RECURSION = YES;
				CLANG_WARN_INT_CONVERSION = YES;
				CLANG_WARN_NON_LITERAL_NULL_CONVERSION = YES;
				CLANG_WARN_OBJC_LITERAL_CONVERSION = YES;
				CLANG_WARN_OBJC_ROOT_CLASS = YES_ERROR;
				CLANG_WARN_RANGE_LOOP_ANALYSIS = YES;
				CLANG_WARN_STRICT_PROTOTYPES = YES;
				CLANG_WARN_SUSPICIOUS_MOVE = YES;
				CLANG_WARN_UNGUARDED_AVAILABILITY = YES_AGGRESSIVE;
				CLANG_WARN_UNREACHABLE_CODE = YES;
				CLANG_WARN__DUPLICATE_METHOD_MATCH = YES;
				CODE_SIGN_IDENTITY = "iPhone Developer";
				COPY_PHASE_STRIP = NO;
				DEBUG_INFORMATION_FORMAT = "dwarf-with-dsym";
				ENABLE_NS_ASSERTIONS = NO;
				ENABLE_STRICT_OBJC_MSGSEND = YES;
				GCC_C_LANGUAGE_STANDARD = gnu11;
				GCC_NO_COMMON_BLOCKS = YES;
				GCC_WARN_64_TO_32_BIT_CONVERSION = YES;
				GCC_WARN_ABOUT_RETURN_TYPE = YES_ERROR;
				GCC_WARN_UNDECLARED_SELECTOR = YES;
				GCC_WARN_UNINITIALIZED_AUTOS = YES_AGGRESSIVE;
				GCC_WARN_UNUSED_FUNCTION = YES;
				GCC_WARN_UNUSED_VARIABLE = YES;
				IPHONEOS_DEPLOYMENT_TARGET = 11.2;
				MTL_ENABLE_DEBUG_INFO = NO;
				SDKROOT = iphoneos;
				SWIFT_OPTIMIZATION_LEVEL = "-Owholemodule";
				VALIDATE_PRODUCT = YES;
			};
			name = Release;
		};
		F76FC20320139B2200140D78 /* Debug */ = {
			isa = XCBuildConfiguration;
			buildSettings = {
				ASSETCATALOG_COMPILER_APPICON_NAME = AppIcon;
				CODE_SIGN_STYLE = Automatic;
<<<<<<< Updated upstream
				DEVELOPMENT_TEAM = P2TKZ4487F;
				INFOPLIST_FILE = PaperAR/Info.plist;
				LD_RUNPATH_SEARCH_PATHS = "$(inherited) @executable_path/Frameworks";
				PRODUCT_BUNDLE_IDENTIFIER = com.team4.PaperAR;
=======
				DEVELOPMENT_TEAM = ZSJEWFC2NB;
				INFOPLIST_FILE = PaperAR/Info.plist;
				LD_RUNPATH_SEARCH_PATHS = "$(inherited) @executable_path/Frameworks";
				PRODUCT_BUNDLE_IDENTIFIER = team4.PaperAR;
>>>>>>> Stashed changes
				PRODUCT_NAME = "$(TARGET_NAME)";
				SWIFT_VERSION = 4.0;
				TARGETED_DEVICE_FAMILY = "1,2";
			};
			name = Debug;
		};
		F76FC20420139B2200140D78 /* Release */ = {
			isa = XCBuildConfiguration;
			buildSettings = {
				ASSETCATALOG_COMPILER_APPICON_NAME = AppIcon;
				CODE_SIGN_STYLE = Automatic;
<<<<<<< Updated upstream
				DEVELOPMENT_TEAM = P2TKZ4487F;
				INFOPLIST_FILE = PaperAR/Info.plist;
				LD_RUNPATH_SEARCH_PATHS = "$(inherited) @executable_path/Frameworks";
				PRODUCT_BUNDLE_IDENTIFIER = com.team4.PaperAR;
=======
				DEVELOPMENT_TEAM = ZSJEWFC2NB;
				INFOPLIST_FILE = PaperAR/Info.plist;
				LD_RUNPATH_SEARCH_PATHS = "$(inherited) @executable_path/Frameworks";
				PRODUCT_BUNDLE_IDENTIFIER = team4.PaperAR;
>>>>>>> Stashed changes
				PRODUCT_NAME = "$(TARGET_NAME)";
				SWIFT_VERSION = 4.0;
				TARGETED_DEVICE_FAMILY = "1,2";
			};
			name = Release;
		};
		F76FC20620139B2200140D78 /* Debug */ = {
			isa = XCBuildConfiguration;
			buildSettings = {
				ALWAYS_EMBED_SWIFT_STANDARD_LIBRARIES = YES;
				BUNDLE_LOADER = "$(TEST_HOST)";
				CODE_SIGN_STYLE = Automatic;
				DEVELOPMENT_TEAM = ZSJEWFC2NB;
				INFOPLIST_FILE = PaperARTests/Info.plist;
				LD_RUNPATH_SEARCH_PATHS = "$(inherited) @executable_path/Frameworks @loader_path/Frameworks";
				PRODUCT_BUNDLE_IDENTIFIER = team4.PaperARTests;
				PRODUCT_NAME = "$(TARGET_NAME)";
				SWIFT_VERSION = 4.0;
				TARGETED_DEVICE_FAMILY = "1,2";
				TEST_HOST = "$(BUILT_PRODUCTS_DIR)/PaperAR.app/PaperAR";
			};
			name = Debug;
		};
		F76FC20720139B2200140D78 /* Release */ = {
			isa = XCBuildConfiguration;
			buildSettings = {
				ALWAYS_EMBED_SWIFT_STANDARD_LIBRARIES = YES;
				BUNDLE_LOADER = "$(TEST_HOST)";
				CODE_SIGN_STYLE = Automatic;
				DEVELOPMENT_TEAM = ZSJEWFC2NB;
				INFOPLIST_FILE = PaperARTests/Info.plist;
				LD_RUNPATH_SEARCH_PATHS = "$(inherited) @executable_path/Frameworks @loader_path/Frameworks";
				PRODUCT_BUNDLE_IDENTIFIER = team4.PaperARTests;
				PRODUCT_NAME = "$(TARGET_NAME)";
				SWIFT_VERSION = 4.0;
				TARGETED_DEVICE_FAMILY = "1,2";
				TEST_HOST = "$(BUILT_PRODUCTS_DIR)/PaperAR.app/PaperAR";
			};
			name = Release;
		};
		F76FC20920139B2200140D78 /* Debug */ = {
			isa = XCBuildConfiguration;
			buildSettings = {
				ALWAYS_EMBED_SWIFT_STANDARD_LIBRARIES = YES;
				CODE_SIGN_STYLE = Automatic;
				DEVELOPMENT_TEAM = ZSJEWFC2NB;
				INFOPLIST_FILE = PaperARUITests/Info.plist;
				LD_RUNPATH_SEARCH_PATHS = "$(inherited) @executable_path/Frameworks @loader_path/Frameworks";
				PRODUCT_BUNDLE_IDENTIFIER = team4.PaperARUITests;
				PRODUCT_NAME = "$(TARGET_NAME)";
				SWIFT_VERSION = 4.0;
				TARGETED_DEVICE_FAMILY = "1,2";
				TEST_TARGET_NAME = PaperAR;
			};
			name = Debug;
		};
		F76FC20A20139B2200140D78 /* Release */ = {
			isa = XCBuildConfiguration;
			buildSettings = {
				ALWAYS_EMBED_SWIFT_STANDARD_LIBRARIES = YES;
				CODE_SIGN_STYLE = Automatic;
				DEVELOPMENT_TEAM = ZSJEWFC2NB;
				INFOPLIST_FILE = PaperARUITests/Info.plist;
				LD_RUNPATH_SEARCH_PATHS = "$(inherited) @executable_path/Frameworks @loader_path/Frameworks";
				PRODUCT_BUNDLE_IDENTIFIER = team4.PaperARUITests;
				PRODUCT_NAME = "$(TARGET_NAME)";
				SWIFT_VERSION = 4.0;
				TARGETED_DEVICE_FAMILY = "1,2";
				TEST_TARGET_NAME = PaperAR;
			};
			name = Release;
		};
/* End XCBuildConfiguration section */

/* Begin XCConfigurationList section */
		F76FC1D320139B2100140D78 /* Build configuration list for PBXProject "PaperAR" */ = {
			isa = XCConfigurationList;
			buildConfigurations = (
				F76FC20020139B2200140D78 /* Debug */,
				F76FC20120139B2200140D78 /* Release */,
			);
			defaultConfigurationIsVisible = 0;
			defaultConfigurationName = Release;
		};
		F76FC20220139B2200140D78 /* Build configuration list for PBXNativeTarget "PaperAR" */ = {
			isa = XCConfigurationList;
			buildConfigurations = (
				F76FC20320139B2200140D78 /* Debug */,
				F76FC20420139B2200140D78 /* Release */,
			);
			defaultConfigurationIsVisible = 0;
			defaultConfigurationName = Release;
		};
		F76FC20520139B2200140D78 /* Build configuration list for PBXNativeTarget "PaperARTests" */ = {
			isa = XCConfigurationList;
			buildConfigurations = (
				F76FC20620139B2200140D78 /* Debug */,
				F76FC20720139B2200140D78 /* Release */,
			);
			defaultConfigurationIsVisible = 0;
			defaultConfigurationName = Release;
		};
		F76FC20820139B2200140D78 /* Build configuration list for PBXNativeTarget "PaperARUITests" */ = {
			isa = XCConfigurationList;
			buildConfigurations = (
				F76FC20920139B2200140D78 /* Debug */,
				F76FC20A20139B2200140D78 /* Release */,
			);
			defaultConfigurationIsVisible = 0;
			defaultConfigurationName = Release;
		};
/* End XCConfigurationList section */
	};
	rootObject = F76FC1D020139B2100140D78 /* Project object */;
}
